
Microsoft Visual Studio Solution File, Format Version 12.00
# Visual Studio Version 17
VisualStudioVersion = 17.11.35327.3
MinimumVisualStudioVersion = 10.0.40219.1
Project("{FAE04EC0-301F-11D3-BF4B-00C04F79EFBC}") = "Delegate Task", "Delegate Task\Delegate Task.csproj", "{EB3A12BD-FCF0-4705-8CDF-952956C0B54F}"
EndProject
Global
	GlobalSection(SolutionConfigurationPlatforms) = preSolution
		Debug|Any CPU = Debug|Any CPU
		Release|Any CPU = Release|Any CPU
	EndGlobalSection
	GlobalSection(ProjectConfigurationPlatforms) = postSolution
		{EB3A12BD-FCF0-4705-8CDF-952956C0B54F}.Debug|Any CPU.ActiveCfg = Debug|Any CPU
		{EB3A12BD-FCF0-4705-8CDF-952956C0B54F}.Debug|Any CPU.Build.0 = Debug|Any CPU
		{EB3A12BD-FCF0-4705-8CDF-952956C0B54F}.Release|Any CPU.ActiveCfg = Release|Any CPU
		{EB3A12BD-FCF0-4705-8CDF-952956C0B54F}.Release|Any CPU.Build.0 = Release|Any CPU
	EndGlobalSection
	GlobalSection(SolutionProperties) = preSolution
		HideSolutionNode = FALSE
	EndGlobalSection
	GlobalSection(ExtensibilityGlobals) = postSolution
		SolutionGuid = {CFA00EEA-CAD4-4681-9FF9-6C9D5A80CFAC}
	EndGlobalSection
EndGlobal
